
Microsoft Visual Studio Solution File, Format Version 12.00
# Visual Studio Version 16
VisualStudioVersion = 16.0.29920.165
MinimumVisualStudioVersion = 10.0.40219.1
Project("{FAE04EC0-301F-11D3-BF4B-00C04F79EFBC}") = "tic-tac-toe", "tic-tac-toe.csproj", "{65D71497-BA0C-49D7-B037-105DBA2C1961}"
EndProject
Global
	GlobalSection(SolutionConfigurationPlatforms) = preSolution
		Debug|Any CPU = Debug|Any CPU
		Release|Any CPU = Release|Any CPU
	EndGlobalSection
	GlobalSection(ProjectConfigurationPlatforms) = postSolution
		{65D71497-BA0C-49D7-B037-105DBA2C1961}.Debug|Any CPU.ActiveCfg = Debug|Any CPU
		{65D71497-BA0C-49D7-B037-105DBA2C1961}.Debug|Any CPU.Build.0 = Debug|Any CPU
		{65D71497-BA0C-49D7-B037-105DBA2C1961}.Release|Any CPU.ActiveCfg = Release|Any CPU
		{65D71497-BA0C-49D7-B037-105DBA2C1961}.Release|Any CPU.Build.0 = Release|Any CPU
	EndGlobalSection
	GlobalSection(SolutionProperties) = preSolution
		HideSolutionNode = FALSE
	EndGlobalSection
	GlobalSection(ExtensibilityGlobals) = postSolution
		SolutionGuid = {C3139383-E687-4454-9FF1-2D7EEE1470AC}
	EndGlobalSection
EndGlobal
